
Microsoft Visual Studio Solution File, Format Version 12.00
# Visual Studio Version 16
VisualStudioVersion = 16.0.30907.101
MinimumVisualStudioVersion = 10.0.40219.1
Project("{FAE04EC0-301F-11D3-BF4B-00C04F79EFBC}") = "Encrypt_DecryptWCFService", "Encrypt_DecryptWCFService.csproj", "{4E819F78-9E06-4CBE-8C16-7F6A63AD43B4}"
EndProject
Project("{FAE04EC0-301F-11D3-BF4B-00C04F79EFBC}") = "Encrypt_DecryptWCFHost", "..\Encrypt_DecryptWCFHost\Encrypt_DecryptWCFHost.csproj", "{18965215-37C2-4C50-AA7F-F4C1A4389941}"
EndProject
Global
	GlobalSection(SolutionConfigurationPlatforms) = preSolution
		Debug|Any CPU = Debug|Any CPU
		Release|Any CPU = Release|Any CPU
	EndGlobalSection
	GlobalSection(ProjectConfigurationPlatforms) = postSolution
		{4E819F78-9E06-4CBE-8C16-7F6A63AD43B4}.Debug|Any CPU.ActiveCfg = Debug|Any CPU
		{4E819F78-9E06-4CBE-8C16-7F6A63AD43B4}.Debug|Any CPU.Build.0 = Debug|Any CPU
		{4E819F78-9E06-4CBE-8C16-7F6A63AD43B4}.Release|Any CPU.ActiveCfg = Release|Any CPU
		{4E819F78-9E06-4CBE-8C16-7F6A63AD43B4}.Release|Any CPU.Build.0 = Release|Any CPU
		{18965215-37C2-4C50-AA7F-F4C1A4389941}.Debug|Any CPU.ActiveCfg = Debug|Any CPU
		{18965215-37C2-4C50-AA7F-F4C1A4389941}.Debug|Any CPU.Build.0 = Debug|Any CPU
		{18965215-37C2-4C50-AA7F-F4C1A4389941}.Release|Any CPU.ActiveCfg = Release|Any CPU
		{18965215-37C2-4C50-AA7F-F4C1A4389941}.Release|Any CPU.Build.0 = Release|Any CPU
	EndGlobalSection
	GlobalSection(SolutionProperties) = preSolution
		HideSolutionNode = FALSE
	EndGlobalSection
	GlobalSection(ExtensibilityGlobals) = postSolution
		SolutionGuid = {B2046BCE-FE7A-487A-9C47-18D827BFF28A}
	EndGlobalSection
EndGlobal
